<Solution>
  <Folder Name="/ProjectFiles/">
    <File Path=".gitignore" />
    <File Path="Directory.Packages.props" />
    <File Path="readme.md" />
  </Folder>
  <Project Path="src/DotNet.Libraries.Core.Lego.csproj" />
  <Project Path="tests/DotNet.Libraries.Core.Lego.Tests/DotNet.Libraries.Core.Lego.Tests.csproj" Id="080b256d-3213-47a8-bf95-7879e7ab4614" />
  <Project Path="tools/DnsExecHelperTool/DnsExecHelperTool.csproj" Id="1e92b580-f3b4-4212-a3ba-e419abf3f390" />
</Solution>
